
Microsoft Visual Studio Solution File, Format Version 12.00
# Visual Studio 14
VisualStudioVersion = 14.0.25123.0
MinimumVisualStudioVersion = 10.0.40219.1
Project("{FAE04EC0-301F-11D3-BF4B-00C04F79EFBC}") = "MAECare SYNK", "MAECare SYNK\MAECare SYNK.csproj", "{9857CB7A-5625-435B-A25A-86F7659D5C69}"
EndProject
Global
	GlobalSection(SolutionConfigurationPlatforms) = preSolution
		Debug|Any CPU = Debug|Any CPU
		Release|Any CPU = Release|Any CPU
	EndGlobalSection
	GlobalSection(ProjectConfigurationPlatforms) = postSolution
		{9857CB7A-5625-435B-A25A-86F7659D5C69}.Debug|Any CPU.ActiveCfg = Debug|Any CPU
		{9857CB7A-5625-435B-A25A-86F7659D5C69}.Debug|Any CPU.Build.0 = Debug|Any CPU
		{9857CB7A-5625-435B-A25A-86F7659D5C69}.Release|Any CPU.ActiveCfg = Release|Any CPU
		{9857CB7A-5625-435B-A25A-86F7659D5C69}.Release|Any CPU.Build.0 = Release|Any CPU
	EndGlobalSection
	GlobalSection(SolutionProperties) = preSolution
		HideSolutionNode = FALSE
	EndGlobalSection
EndGlobal
